// !$*UTF8*$!
{
	archiveVersion = 1;
	classes = {
	};
	objectVersion = 50;
	objects = {

/* Begin PBXBuildFile section */
		CDB21C0524F4BD7B005E8A85 /* main.swift in Sources */ = {isa = PBXBuildFile; fileRef = CDB21C0424F4BD7B005E8A85 /* main.swift */; };
		CDB21C0C24F4BDDC005E8A85 /* chunk.swift in Sources */ = {isa = PBXBuildFile; fileRef = CDB21C0B24F4BDDC005E8A85 /* chunk.swift */; };
		CDB21C0E24F4C10C005E8A85 /* memory.swift in Sources */ = {isa = PBXBuildFile; fileRef = CDB21C0D24F4C10C005E8A85 /* memory.swift */; };
		CDB21C1024F4C92D005E8A85 /* debug.swift in Sources */ = {isa = PBXBuildFile; fileRef = CDB21C0F24F4C92D005E8A85 /* debug.swift */; };
		CDB21C1224F4DA39005E8A85 /* value.swift in Sources */ = {isa = PBXBuildFile; fileRef = CDB21C1124F4DA39005E8A85 /* value.swift */; };
/* End PBXBuildFile section */

/* Begin PBXCopyFilesBuildPhase section */
		CDB21BFF24F4BD7B005E8A85 /* CopyFiles */ = {
			isa = PBXCopyFilesBuildPhase;
			buildActionMask = 2147483647;
			dstPath = /usr/share/man/man1/;
			dstSubfolderSpec = 0;
			files = (
			);
			runOnlyForDeploymentPostprocessing = 1;
		};
/* End PBXCopyFilesBuildPhase section */

/* Begin PBXFileReference section */
		CDB21C0124F4BD7B005E8A85 /* swiftlox */ = {isa = PBXFileReference; explicitFileType = "compiled.mach-o.executable"; includeInIndex = 0; path = swiftlox; sourceTree = BUILT_PRODUCTS_DIR; };
		CDB21C0424F4BD7B005E8A85 /* main.swift */ = {isa = PBXFileReference; lastKnownFileType = sourcecode.swift; path = main.swift; sourceTree = "<group>"; };
		CDB21C0B24F4BDDC005E8A85 /* chunk.swift */ = {isa = PBXFileReference; lastKnownFileType = sourcecode.swift; path = chunk.swift; sourceTree = "<group>"; };
		CDB21C0D24F4C10C005E8A85 /* memory.swift */ = {isa = PBXFileReference; lastKnownFileType = sourcecode.swift; path = memory.swift; sourceTree = "<group>"; };
		CDB21C0F24F4C92D005E8A85 /* debug.swift */ = {isa = PBXFileReference; lastKnownFileType = sourcecode.swift; path = debug.swift; sourceTree = "<group>"; };
		CDB21C1124F4DA39005E8A85 /* value.swift */ = {isa = PBXFileReference; lastKnownFileType = sourcecode.swift; path = value.swift; sourceTree = "<group>"; };
/* End PBXFileReference section */

/* Begin PBXFrameworksBuildPhase section */
		CDB21BFE24F4BD7B005E8A85 /* Frameworks */ = {
			isa = PBXFrameworksBuildPhase;
			buildActionMask = 2147483647;
			files = (
			);
			runOnlyForDeploymentPostprocessing = 0;
		};
/* End PBXFrameworksBuildPhase section */

/* Begin PBXGroup section */
		CDB21BF824F4BD7B005E8A85 = {
			isa = PBXGroup;
			children = (
				CDB21C0324F4BD7B005E8A85 /* swiftlox */,
				CDB21C0224F4BD7B005E8A85 /* Products */,
			);
			sourceTree = "<group>";
		};
		CDB21C0224F4BD7B005E8A85 /* Products */ = {
			isa = PBXGroup;
			children = (
				CDB21C0124F4BD7B005E8A85 /* swiftlox */,
			);
			name = Products;
			sourceTree = "<group>";
		};
		CDB21C0324F4BD7B005E8A85 /* swiftlox */ = {
			isa = PBXGroup;
			children = (
				CDB21C0424F4BD7B005E8A85 /* main.swift */,
				CDB21C0B24F4BDDC005E8A85 /* chunk.swift */,
				CDB21C0F24F4C92D005E8A85 /* debug.swift */,
				CDB21C0D24F4C10C005E8A85 /* memory.swift */,
				CDB21C1124F4DA39005E8A85 /* value.swift */,
			);
			path = swiftlox;
			sourceTree = "<group>";
		};
/* End PBXGroup section */

/* Begin PBXNativeTarget section */
		CDB21C0024F4BD7B005E8A85 /* swiftlox */ = {
			isa = PBXNativeTarget;
			buildConfigurationList = CDB21C0824F4BD7B005E8A85 /* Build configuration list for PBXNativeTarget "swiftlox" */;
			buildPhases = (
				CDB21BFD24F4BD7B005E8A85 /* Sources */,
				CDB21BFE24F4BD7B005E8A85 /* Frameworks */,
				CDB21BFF24F4BD7B005E8A85 /* CopyFiles */,
			);
			buildRules = (
			);
			dependencies = (
			);
			name = swiftlox;
			productName = swiftlox;
			productReference = CDB21C0124F4BD7B005E8A85 /* swiftlox */;
			productType = "com.apple.product-type.tool";
		};
/* End PBXNativeTarget section */

/* Begin PBXProject section */
		CDB21BF924F4BD7B005E8A85 /* Project object */ = {
			isa = PBXProject;
			attributes = {
				LastSwiftUpdateCheck = 1200;
				LastUpgradeCheck = 1200;
				TargetAttributes = {
					CDB21C0024F4BD7B005E8A85 = {
						CreatedOnToolsVersion = 12.0;
					};
				};
			};
			buildConfigurationList = CDB21BFC24F4BD7B005E8A85 /* Build configuration list for PBXProject "swiftlox" */;
			compatibilityVersion = "Xcode 9.3";
			developmentRegion = en;
			hasScannedForEncodings = 0;
			knownRegions = (
				en,
				Base,
			);
			mainGroup = CDB21BF824F4BD7B005E8A85;
			productRefGroup = CDB21C0224F4BD7B005E8A85 /* Products */;
			projectDirPath = "";
			projectRoot = "";
			targets = (
				CDB21C0024F4BD7B005E8A85 /* swiftlox */,
			);
		};
/* End PBXProject section */

/* Begin PBXSourcesBuildPhase section */
		CDB21BFD24F4BD7B005E8A85 /* Sources */ = {
			isa = PBXSourcesBuildPhase;
			buildActionMask = 2147483647;
			files = (
				CDB21C0524F4BD7B005E8A85 /* main.swift in Sources */,
				CDB21C1024F4C92D005E8A85 /* debug.swift in Sources */,
				CDB21C1224F4DA39005E8A85 /* value.swift in Sources */,
				CDB21C0E24F4C10C005E8A85 /* memory.swift in Sources */,
				CDB21C0C24F4BDDC005E8A85 /* chunk.swift in Sources */,
			);
			runOnlyForDeploymentPostprocessing = 0;
		};
/* End PBXSourcesBuildPhase section */

/* Begin XCBuildConfiguration section */
		CDB21C0624F4BD7B005E8A85 /* Debug */ = {
			isa = XCBuildConfiguration;
			buildSettings = {
				ALWAYS_SEARCH_USER_PATHS = NO;
				CLANG_ANALYZER_NONNULL = YES;
				CLANG_ANALYZER_NUMBER_OBJECT_CONVERSION = YES_AGGRESSIVE;
				CLANG_CXX_LANGUAGE_STANDARD = "gnu++14";
				CLANG_CXX_LIBRARY = "libc++";
				CLANG_ENABLE_MODULES = YES;
				CLANG_ENABLE_OBJC_ARC = YES;
				CLANG_ENABLE_OBJC_WEAK = YES;
				CLANG_WARN_BLOCK_CAPTURE_AUTORELEASING = YES;
				CLANG_WARN_BOOL_CONVERSION = YES;
				CLANG_WARN_COMMA = YES;
				CLANG_WARN_CONSTANT_CONVERSION = YES;
				CLANG_WARN_DEPRECATED_OBJC_IMPLEMENTATIONS = YES;
				CLANG_WARN_DIRECT_OBJC_ISA_USAGE = YES_ERROR;
				CLANG_WARN_DOCUMENTATION_COMMENTS = YES;
				CLANG_WARN_EMPTY_BODY = YES;
				CLANG_WARN_ENUM_CONVERSION = YES;
				CLANG_WARN_INFINITE_RECURSION = YES;
				CLANG_WARN_INT_CONVERSION = YES;
				CLANG_WARN_NON_LITERAL_NULL_CONVERSION = YES;
				CLANG_WARN_OBJC_IMPLICIT_RETAIN_SELF = YES;
				CLANG_WARN_OBJC_LITERAL_CONVERSION = YES;
				CLANG_WARN_OBJC_ROOT_CLASS = YES_ERROR;
				CLANG_WARN_QUOTED_INCLUDE_IN_FRAMEWORK_HEADER = YES;
				CLANG_WARN_RANGE_LOOP_ANALYSIS = YES;
				CLANG_WARN_STRICT_PROTOTYPES = YES;
				CLANG_WARN_SUSPICIOUS_MOVE = YES;
				CLANG_WARN_UNGUARDED_AVAILABILITY = YES_AGGRESSIVE;
				CLANG_WARN_UNREACHABLE_CODE = YES;
				CLANG_WARN__DUPLICATE_METHOD_MATCH = YES;
				COPY_PHASE_STRIP = NO;
				DEBUG_INFORMATION_FORMAT = dwarf;
				ENABLE_STRICT_OBJC_MSGSEND = YES;
				ENABLE_TESTABILITY = YES;
				GCC_C_LANGUAGE_STANDARD = gnu11;
				GCC_DYNAMIC_NO_PIC = NO;
				GCC_NO_COMMON_BLOCKS = YES;
				GCC_OPTIMIZATION_LEVEL = 0;
				GCC_PREPROCESSOR_DEFINITIONS = (
					"DEBUG=1",
					"$(inherited)",
				);
				GCC_WARN_64_TO_32_BIT_CONVERSION = YES;
				GCC_WARN_ABOUT_RETURN_TYPE = YES_ERROR;
				GCC_WARN_UNDECLARED_SELECTOR = YES;
				GCC_WARN_UNINITIALIZED_AUTOS = YES_AGGRESSIVE;
				GCC_WARN_UNUSED_FUNCTION = YES;
				GCC_WARN_UNUSED_VARIABLE = YES;
				MACOSX_DEPLOYMENT_TARGET = 10.15;
				MTL_ENABLE_DEBUG_INFO = INCLUDE_SOURCE;
				MTL_FAST_MATH = YES;
				ONLY_ACTIVE_ARCH = YES;
				SDKROOT = macosx;
				SWIFT_ACTIVE_COMPILATION_CONDITIONS = DEBUG;
				SWIFT_OPTIMIZATION_LEVEL = "-Onone";
			};
			name = Debug;
		};
		CDB21C0724F4BD7B005E8A85 /* Release */ = {
			isa = XCBuildConfiguration;
			buildSettings = {
				ALWAYS_SEARCH_USER_PATHS = NO;
				CLANG_ANALYZER_NONNULL = YES;
				CLANG_ANALYZER_NUMBER_OBJECT_CONVERSION = YES_AGGRESSIVE;
				CLANG_CXX_LANGUAGE_STANDARD = "gnu++14";
				CLANG_CXX_LIBRARY = "libc++";
				CLANG_ENABLE_MODULES = YES;
				CLANG_ENABLE_OBJC_ARC = YES;
				CLANG_ENABLE_OBJC_WEAK = YES;
				CLANG_WARN_BLOCK_CAPTURE_AUTORELEASING = YES;
				CLANG_WARN_BOOL_CONVERSION = YES;
				CLANG_WARN_COMMA = YES;
				CLANG_WARN_CONSTANT_CONVERSION = YES;
				CLANG_WARN_DEPRECATED_OBJC_IMPLEMENTATIONS = YES;
				CLANG_WARN_DIRECT_OBJC_ISA_USAGE = YES_ERROR;
				CLANG_WARN_DOCUMENTATION_COMMENTS = YES;
				CLANG_WARN_EMPTY_BODY = YES;
				CLANG_WARN_ENUM_CONVERSION = YES;
				CLANG_WARN_INFINITE_RECURSION = YES;
				CLANG_WARN_INT_CONVERSION = YES;
				CLANG_WARN_NON_LITERAL_NULL_CONVERSION = YES;
				CLANG_WARN_OBJC_IMPLICIT_RETAIN_SELF = YES;
				CLANG_WARN_OBJC_LITERAL_CONVERSION = YES;
				CLANG_WARN_OBJC_ROOT_CLASS = YES_ERROR;
				CLANG_WARN_QUOTED_INCLUDE_IN_FRAMEWORK_HEADER = YES;
				CLANG_WARN_RANGE_LOOP_ANALYSIS = YES;
				CLANG_WARN_STRICT_PROTOTYPES = YES;
				CLANG_WARN_SUSPICIOUS_MOVE = YES;
				CLANG_WARN_UNGUARDED_AVAILABILITY = YES_AGGRESSIVE;
				CLANG_WARN_UNREACHABLE_CODE = YES;
				CLANG_WARN__DUPLICATE_METHOD_MATCH = YES;
				COPY_PHASE_STRIP = NO;
				DEBUG_INFORMATION_FORMAT = "dwarf-with-dsym";
				ENABLE_NS_ASSERTIONS = NO;
				ENABLE_STRICT_OBJC_MSGSEND = YES;
				GCC_C_LANGUAGE_STANDARD = gnu11;
				GCC_NO_COMMON_BLOCKS = YES;
				GCC_WARN_64_TO_32_BIT_CONVERSION = YES;
				GCC_WARN_ABOUT_RETURN_TYPE = YES_ERROR;
				GCC_WARN_UNDECLARED_SELECTOR = YES;
				GCC_WARN_UNINITIALIZED_AUTOS = YES_AGGRESSIVE;
				GCC_WARN_UNUSED_FUNCTION = YES;
				GCC_WARN_UNUSED_VARIABLE = YES;
				MACOSX_DEPLOYMENT_TARGET = 10.15;
				MTL_ENABLE_DEBUG_INFO = NO;
				MTL_FAST_MATH = YES;
				SDKROOT = macosx;
				SWIFT_COMPILATION_MODE = wholemodule;
				SWIFT_OPTIMIZATION_LEVEL = "-O";
			};
			name = Release;
		};
		CDB21C0924F4BD7B005E8A85 /* Debug */ = {
			isa = XCBuildConfiguration;
			buildSettings = {
				CODE_SIGN_STYLE = Automatic;
				DEVELOPMENT_TEAM = C436KHVHT4;
				ENABLE_HARDENED_RUNTIME = YES;
				PRODUCT_NAME = "$(TARGET_NAME)";
				SWIFT_VERSION = 5.0;
			};
			name = Debug;
		};
		CDB21C0A24F4BD7B005E8A85 /* Release */ = {
			isa = XCBuildConfiguration;
			buildSettings = {
				CODE_SIGN_STYLE = Automatic;
				DEVELOPMENT_TEAM = C436KHVHT4;
				ENABLE_HARDENED_RUNTIME = YES;
				PRODUCT_NAME = "$(TARGET_NAME)";
				SWIFT_VERSION = 5.0;
			};
			name = Release;
		};
/* End XCBuildConfiguration section */

/* Begin XCConfigurationList section */
		CDB21BFC24F4BD7B005E8A85 /* Build configuration list for PBXProject "swiftlox" */ = {
			isa = XCConfigurationList;
			buildConfigurations = (
				CDB21C0624F4BD7B005E8A85 /* Debug */,
				CDB21C0724F4BD7B005E8A85 /* Release */,
			);
			defaultConfigurationIsVisible = 0;
			defaultConfigurationName = Release;
		};
		CDB21C0824F4BD7B005E8A85 /* Build configuration list for PBXNativeTarget "swiftlox" */ = {
			isa = XCConfigurationList;
			buildConfigurations = (
				CDB21C0924F4BD7B005E8A85 /* Debug */,
				CDB21C0A24F4BD7B005E8A85 /* Release */,
			);
			defaultConfigurationIsVisible = 0;
			defaultConfigurationName = Release;
		};
/* End XCConfigurationList section */
	};
	rootObject = CDB21BF924F4BD7B005E8A85 /* Project object */;
}
